# This file is automatically @generated by Cargo.
# It is not intended for manual editing.
version = 4

[[package]]
name = "eadl-front"
version = "0.1.0"

[[package]]
name = "eadl-model"
version = "0.1.0"
dependencies = [
 "eadl-front",
]

[[package]]
name = "osgen-cli"
version = "0.1.0"
dependencies = [
 "eadl-front",
 "eadl-model",
]

[[package]]
name = "osgen-evidence"
version = "0.1.0"
