# This file is automatically @generated by Cargo.
# It is not intended for manual editing.
version = 4

[[package]]
name = "archogen-cli"
version = "0.1.0"
dependencies = [
 "archogen-s0",
 "eadl-front",
 "eadl-model",
]

[[package]]
name = "archogen-evidence"
version = "0.1.0"

[[package]]
name = "archogen-s0"
version = "0.1.0"
dependencies = [
 "eadl-front",
 "eadl-model",
]

[[package]]
name = "eadl-front"
version = "0.1.0"

[[package]]
name = "eadl-model"
version = "0.1.0"
dependencies = [
 "eadl-front",
]

[[package]]
name = "rt-analysis"
version = "0.1.0"
dependencies = [
 "archogen-evidence",
]

[[package]]
name = "rt-core"
version = "0.1.0"
dependencies = [
 "rt-reference",
]

[[package]]
name = "rt-reference"
version = "0.1.0"

[[package]]
name = "xtask"
version = "0.1.0"
